
Microsoft Visual Studio Solution File, Format Version 12.00
# Visual Studio 15
VisualStudioVersion = 15.0.28307.902
MinimumVisualStudioVersion = 10.0.40219.1
Project("{FAE04EC0-301F-11D3-BF4B-00C04F79EFBC}") = "RioSync", "RioSync\RioSync.csproj", "{DFB37FF8-ADA8-43F8-B8FC-CF5CFACA71F5}"
EndProject
Global
	GlobalSection(SolutionConfigurationPlatforms) = preSolution
		Debug|Any CPU = Debug|Any CPU
		Release|Any CPU = Release|Any CPU
	EndGlobalSection
	GlobalSection(ProjectConfigurationPlatforms) = postSolution
		{DFB37FF8-ADA8-43F8-B8FC-CF5CFACA71F5}.Debug|Any CPU.ActiveCfg = Debug|Any CPU
		{DFB37FF8-ADA8-43F8-B8FC-CF5CFACA71F5}.Debug|Any CPU.Build.0 = Debug|Any CPU
		{DFB37FF8-ADA8-43F8-B8FC-CF5CFACA71F5}.Release|Any CPU.ActiveCfg = Release|Any CPU
		{DFB37FF8-ADA8-43F8-B8FC-CF5CFACA71F5}.Release|Any CPU.Build.0 = Release|Any CPU
	EndGlobalSection
	GlobalSection(SolutionProperties) = preSolution
		HideSolutionNode = FALSE
	EndGlobalSection
	GlobalSection(ExtensibilityGlobals) = postSolution
		SolutionGuid = {F076D837-2405-487D-AFD1-33FF09B11828}
	EndGlobalSection
EndGlobal
